
Microsoft Visual Studio Solution File, Format Version 12.00
# Visual Studio 2012
Project("{2150E333-8FDC-42A3-9474-1A3956D46DE8}") = "RabbitMQ", "RabbitMQ", "{8920FE38-DADE-4176-9CD6-5A06C8672CA4}"
EndProject
Project("{2150E333-8FDC-42A3-9474-1A3956D46DE8}") = "RabbitMQWithMassTransit", "RabbitMQWithMassTransit", "{A6FF9B4B-B6D2-4335-AFC4-A17F148AC251}"
EndProject
Project("{2150E333-8FDC-42A3-9474-1A3956D46DE8}") = "Sample1", "Sample1", "{3E714650-5311-4755-8103-0F1AF08FD04F}"
EndProject
Project("{FAE04EC0-301F-11D3-BF4B-00C04F79EFBC}") = "Server", "WithoutMasstransit\Sample1\Server\Server.csproj", "{DF2F28A4-B73F-493A-9856-E53607FD043F}"
EndProject
Project("{FAE04EC0-301F-11D3-BF4B-00C04F79EFBC}") = "ClientUI", "WithoutMasstransit\Sample1\ClientUI\ClientUI.csproj", "{FFF7DE89-2732-4139-815A-20C7D2D03DAA}"
EndProject
Project("{2150E333-8FDC-42A3-9474-1A3956D46DE8}") = "SetItemsBeforeRunningSolution", "SetItemsBeforeRunningSolution", "{CFD8F34C-594D-4DEF-BFEF-D2FA258F6FE9}"
	ProjectSection(SolutionItems) = preProject
		SetupRabbitMQSample1.bat = SetupRabbitMQSample1.bat
		SetupRabbitMQSample1.ps1 = SetupRabbitMQSample1.ps1
	EndProjectSection
EndProject
Project("{2150E333-8FDC-42A3-9474-1A3956D46DE8}") = "Sender", "Sender", "{5FEE111F-712B-4314-B5D3-649D9C535814}"
EndProject
Project("{2150E333-8FDC-42A3-9474-1A3956D46DE8}") = "Receiver", "Receiver", "{862390AF-DA0D-4E53-B5CF-57DC1BF7D4EA}"
EndProject
Project("{FAE04EC0-301F-11D3-BF4B-00C04F79EFBC}") = "Sender.Contract", "WithMasstransit\Sender\Sender.Contract\Sender.Contract.csproj", "{7B3FD318-8EFE-4104-BC7C-65B1B7362449}"
EndProject
Project("{FAE04EC0-301F-11D3-BF4B-00C04F79EFBC}") = "Sender.Container", "WithMasstransit\Sender\Sender.Container\Sender.Container.csproj", "{136FA9AE-566E-46C8-B718-F16C86EF3B0B}"
EndProject
Project("{2150E333-8FDC-42A3-9474-1A3956D46DE8}") = "Core", "Core", "{3313D93A-DE60-4678-8477-66E53F90001F}"
EndProject
Project("{FAE04EC0-301F-11D3-BF4B-00C04F79EFBC}") = "Core", "WithMasstransit\Core\Core\Core.csproj", "{30E48C94-3E6D-4406-8FFC-897192547E86}"
EndProject
Project("{FAE04EC0-301F-11D3-BF4B-00C04F79EFBC}") = "Core.Container", "WithMasstransit\Core\Core.Container\Core.Container.csproj", "{0E5B0250-03C6-46A4-86D3-08AD156A1A63}"
EndProject
Project("{FAE04EC0-301F-11D3-BF4B-00C04F79EFBC}") = "Sender", "WithMasstransit\Sender\Sender\Sender.csproj", "{6E9E9B1E-E4D8-4838-88DD-6BD4DB53887D}"
EndProject
Project("{FAE04EC0-301F-11D3-BF4B-00C04F79EFBC}") = "Sender.App", "WithMasstransit\Sender\Sender.App\Sender.App.csproj", "{B9EA8B51-568F-4078-9332-B6EB13322783}"
EndProject
Project("{FAE04EC0-301F-11D3-BF4B-00C04F79EFBC}") = "Message", "WithMasstransit\Message\Message.csproj", "{31046BFC-CE36-4FD8-A6EE-5ADF6F9BD8B6}"
EndProject
Project("{FAE04EC0-301F-11D3-BF4B-00C04F79EFBC}") = "Receiver.Container", "WithMasstransit\Receiver\Receiver.Container\Receiver.Container.csproj", "{4CCFC91C-BEC8-466C-B54F-F83FE7625093}"
EndProject
Project("{FAE04EC0-301F-11D3-BF4B-00C04F79EFBC}") = "Receiver", "WithMasstransit\Receiver\Receiver\Receiver.csproj", "{D85650FB-7AF3-4CB2-95FA-22CE627C172C}"
EndProject
Project("{FAE04EC0-301F-11D3-BF4B-00C04F79EFBC}") = "Receiver.App", "WithMasstransit\Receiver\Receiver.App\Receiver.App.csproj", "{9D6E40D6-416F-4324-86BF-07D84DE9D53D}"
EndProject
Global
	GlobalSection(SolutionConfigurationPlatforms) = preSolution
		Debug|Any CPU = Debug|Any CPU
		Release|Any CPU = Release|Any CPU
	EndGlobalSection
	GlobalSection(ProjectConfigurationPlatforms) = postSolution
		{DF2F28A4-B73F-493A-9856-E53607FD043F}.Debug|Any CPU.ActiveCfg = Debug|Any CPU
		{DF2F28A4-B73F-493A-9856-E53607FD043F}.Debug|Any CPU.Build.0 = Debug|Any CPU
		{DF2F28A4-B73F-493A-9856-E53607FD043F}.Release|Any CPU.ActiveCfg = Release|Any CPU
		{DF2F28A4-B73F-493A-9856-E53607FD043F}.Release|Any CPU.Build.0 = Release|Any CPU
		{FFF7DE89-2732-4139-815A-20C7D2D03DAA}.Debug|Any CPU.ActiveCfg = Debug|Any CPU
		{FFF7DE89-2732-4139-815A-20C7D2D03DAA}.Debug|Any CPU.Build.0 = Debug|Any CPU
		{FFF7DE89-2732-4139-815A-20C7D2D03DAA}.Release|Any CPU.ActiveCfg = Release|Any CPU
		{FFF7DE89-2732-4139-815A-20C7D2D03DAA}.Release|Any CPU.Build.0 = Release|Any CPU
		{7B3FD318-8EFE-4104-BC7C-65B1B7362449}.Debug|Any CPU.ActiveCfg = Debug|Any CPU
		{7B3FD318-8EFE-4104-BC7C-65B1B7362449}.Debug|Any CPU.Build.0 = Debug|Any CPU
		{7B3FD318-8EFE-4104-BC7C-65B1B7362449}.Release|Any CPU.ActiveCfg = Release|Any CPU
		{7B3FD318-8EFE-4104-BC7C-65B1B7362449}.Release|Any CPU.Build.0 = Release|Any CPU
		{136FA9AE-566E-46C8-B718-F16C86EF3B0B}.Debug|Any CPU.ActiveCfg = Debug|Any CPU
		{136FA9AE-566E-46C8-B718-F16C86EF3B0B}.Debug|Any CPU.Build.0 = Debug|Any CPU
		{136FA9AE-566E-46C8-B718-F16C86EF3B0B}.Release|Any CPU.ActiveCfg = Release|Any CPU
		{136FA9AE-566E-46C8-B718-F16C86EF3B0B}.Release|Any CPU.Build.0 = Release|Any CPU
		{30E48C94-3E6D-4406-8FFC-897192547E86}.Debug|Any CPU.ActiveCfg = Debug|Any CPU
		{30E48C94-3E6D-4406-8FFC-897192547E86}.Debug|Any CPU.Build.0 = Debug|Any CPU
		{30E48C94-3E6D-4406-8FFC-897192547E86}.Release|Any CPU.ActiveCfg = Release|Any CPU
		{30E48C94-3E6D-4406-8FFC-897192547E86}.Release|Any CPU.Build.0 = Release|Any CPU
		{0E5B0250-03C6-46A4-86D3-08AD156A1A63}.Debug|Any CPU.ActiveCfg = Debug|Any CPU
		{0E5B0250-03C6-46A4-86D3-08AD156A1A63}.Debug|Any CPU.Build.0 = Debug|Any CPU
		{0E5B0250-03C6-46A4-86D3-08AD156A1A63}.Release|Any CPU.ActiveCfg = Release|Any CPU
		{0E5B0250-03C6-46A4-86D3-08AD156A1A63}.Release|Any CPU.Build.0 = Release|Any CPU
		{6E9E9B1E-E4D8-4838-88DD-6BD4DB53887D}.Debug|Any CPU.ActiveCfg = Debug|Any CPU
		{6E9E9B1E-E4D8-4838-88DD-6BD4DB53887D}.Debug|Any CPU.Build.0 = Debug|Any CPU
		{6E9E9B1E-E4D8-4838-88DD-6BD4DB53887D}.Release|Any CPU.ActiveCfg = Release|Any CPU
		{6E9E9B1E-E4D8-4838-88DD-6BD4DB53887D}.Release|Any CPU.Build.0 = Release|Any CPU
		{B9EA8B51-568F-4078-9332-B6EB13322783}.Debug|Any CPU.ActiveCfg = Debug|Any CPU
		{B9EA8B51-568F-4078-9332-B6EB13322783}.Debug|Any CPU.Build.0 = Debug|Any CPU
		{B9EA8B51-568F-4078-9332-B6EB13322783}.Release|Any CPU.ActiveCfg = Release|Any CPU
		{B9EA8B51-568F-4078-9332-B6EB13322783}.Release|Any CPU.Build.0 = Release|Any CPU
		{31046BFC-CE36-4FD8-A6EE-5ADF6F9BD8B6}.Debug|Any CPU.ActiveCfg = Debug|Any CPU
		{31046BFC-CE36-4FD8-A6EE-5ADF6F9BD8B6}.Debug|Any CPU.Build.0 = Debug|Any CPU
		{31046BFC-CE36-4FD8-A6EE-5ADF6F9BD8B6}.Release|Any CPU.ActiveCfg = Release|Any CPU
		{31046BFC-CE36-4FD8-A6EE-5ADF6F9BD8B6}.Release|Any CPU.Build.0 = Release|Any CPU
		{4CCFC91C-BEC8-466C-B54F-F83FE7625093}.Debug|Any CPU.ActiveCfg = Debug|Any CPU
		{4CCFC91C-BEC8-466C-B54F-F83FE7625093}.Debug|Any CPU.Build.0 = Debug|Any CPU
		{4CCFC91C-BEC8-466C-B54F-F83FE7625093}.Release|Any CPU.ActiveCfg = Release|Any CPU
		{4CCFC91C-BEC8-466C-B54F-F83FE7625093}.Release|Any CPU.Build.0 = Release|Any CPU
		{D85650FB-7AF3-4CB2-95FA-22CE627C172C}.Debug|Any CPU.ActiveCfg = Debug|Any CPU
		{D85650FB-7AF3-4CB2-95FA-22CE627C172C}.Debug|Any CPU.Build.0 = Debug|Any CPU
		{D85650FB-7AF3-4CB2-95FA-22CE627C172C}.Release|Any CPU.ActiveCfg = Release|Any CPU
		{D85650FB-7AF3-4CB2-95FA-22CE627C172C}.Release|Any CPU.Build.0 = Release|Any CPU
		{9D6E40D6-416F-4324-86BF-07D84DE9D53D}.Debug|Any CPU.ActiveCfg = Debug|Any CPU
		{9D6E40D6-416F-4324-86BF-07D84DE9D53D}.Debug|Any CPU.Build.0 = Debug|Any CPU
		{9D6E40D6-416F-4324-86BF-07D84DE9D53D}.Release|Any CPU.ActiveCfg = Release|Any CPU
		{9D6E40D6-416F-4324-86BF-07D84DE9D53D}.Release|Any CPU.Build.0 = Release|Any CPU
	EndGlobalSection
	GlobalSection(SolutionProperties) = preSolution
		HideSolutionNode = FALSE
	EndGlobalSection
	GlobalSection(NestedProjects) = preSolution
		{3E714650-5311-4755-8103-0F1AF08FD04F} = {8920FE38-DADE-4176-9CD6-5A06C8672CA4}
		{5FEE111F-712B-4314-B5D3-649D9C535814} = {A6FF9B4B-B6D2-4335-AFC4-A17F148AC251}
		{862390AF-DA0D-4E53-B5CF-57DC1BF7D4EA} = {A6FF9B4B-B6D2-4335-AFC4-A17F148AC251}
		{3313D93A-DE60-4678-8477-66E53F90001F} = {A6FF9B4B-B6D2-4335-AFC4-A17F148AC251}
		{DF2F28A4-B73F-493A-9856-E53607FD043F} = {3E714650-5311-4755-8103-0F1AF08FD04F}
		{FFF7DE89-2732-4139-815A-20C7D2D03DAA} = {3E714650-5311-4755-8103-0F1AF08FD04F}
		{7B3FD318-8EFE-4104-BC7C-65B1B7362449} = {5FEE111F-712B-4314-B5D3-649D9C535814}
		{136FA9AE-566E-46C8-B718-F16C86EF3B0B} = {5FEE111F-712B-4314-B5D3-649D9C535814}
		{6E9E9B1E-E4D8-4838-88DD-6BD4DB53887D} = {5FEE111F-712B-4314-B5D3-649D9C535814}
		{B9EA8B51-568F-4078-9332-B6EB13322783} = {5FEE111F-712B-4314-B5D3-649D9C535814}
		{31046BFC-CE36-4FD8-A6EE-5ADF6F9BD8B6} = {5FEE111F-712B-4314-B5D3-649D9C535814}
		{4CCFC91C-BEC8-466C-B54F-F83FE7625093} = {862390AF-DA0D-4E53-B5CF-57DC1BF7D4EA}
		{D85650FB-7AF3-4CB2-95FA-22CE627C172C} = {862390AF-DA0D-4E53-B5CF-57DC1BF7D4EA}
		{9D6E40D6-416F-4324-86BF-07D84DE9D53D} = {862390AF-DA0D-4E53-B5CF-57DC1BF7D4EA}
		{30E48C94-3E6D-4406-8FFC-897192547E86} = {3313D93A-DE60-4678-8477-66E53F90001F}
		{0E5B0250-03C6-46A4-86D3-08AD156A1A63} = {3313D93A-DE60-4678-8477-66E53F90001F}
	EndGlobalSection
EndGlobal
